
Microsoft Visual Studio Solution File, Format Version 12.00
# Visual Studio Version 16
VisualStudioVersion = 16.0.30011.22
MinimumVisualStudioVersion = 10.0.40219.1
Project("{9A19103F-16F7-4668-BE54-9A1E7A4F7556}") = "MicroServiceLearn.UserService", "MicroServiceLearn.UserService\MicroServiceLearn.UserService.csproj", "{5AF72F8B-372A-4866-8CBB-8A640F3611B4}"
EndProject
Project("{9A19103F-16F7-4668-BE54-9A1E7A4F7556}") = "MicroServiceLearn.Gateway", "MicroServiceLearn.Gateway\MicroServiceLearn.Gateway.csproj", "{28F25B8F-35F0-4C88-9943-1196B8A004BD}"
EndProject
Project("{2150E333-8FDC-42A3-9474-1A3956D46DE8}") = "SampleDemos", "SampleDemos", "{CF3C88FF-7FB9-46AD-A020-9DF401F63EEC}"
EndProject
Project("{9A19103F-16F7-4668-BE54-9A1E7A4F7556}") = "DependencyInjectionAutofacDemo", "DependencyInjectionAutofacDemo\DependencyInjectionAutofacDemo.csproj", "{E7E200A6-9021-4702-92D6-FF00AC0C3394}"
EndProject
Project("{9A19103F-16F7-4668-BE54-9A1E7A4F7556}") = "MiddlewareDemo", "MiddlewareDemo\MiddlewareDemo.csproj", "{0329A4AA-D771-4BD8-91BD-2A8583A4D091}"
EndProject
Project("{2150E333-8FDC-42A3-9474-1A3956D46DE8}") = "Shared", "Shared", "{1AE60D11-C660-449C-AA1A-8BE98E1528E6}"
EndProject
Project("{9A19103F-16F7-4668-BE54-9A1E7A4F7556}") = "GeekTime.Domain.Abstractions", "GeekTime.Domain.Abstractions\GeekTime.Domain.Abstractions.csproj", "{914034CA-4F9C-4056-9FD4-6597A5C1222C}"
EndProject
Project("{9A19103F-16F7-4668-BE54-9A1E7A4F7556}") = "GeekTime.Infrastructure.Core", "GeekTime.Infrastructure.Core\GeekTime.Infrastructure.Core.csproj", "{F2FC4191-5F5C-4365-B441-E102C3427D71}"
EndProject
Project("{2150E333-8FDC-42A3-9474-1A3956D46DE8}") = "Services", "Services", "{B913918B-03A8-475F-9D26-6CFBF372F808}"
EndProject
Project("{2150E333-8FDC-42A3-9474-1A3956D46DE8}") = "OrderService", "OrderService", "{DACB885B-8F35-466E-B63D-A0CCD564821F}"
EndProject
Project("{FAE04EC0-301F-11D3-BF4B-00C04F79EFBC}") = "GeekTime.OrderService.Api", "GeekTime.Order.Api\GeekTime.OrderService.Api.csproj", "{FE9F1EAB-DD51-45D2-899B-BCEB4C2A5FD6}"
EndProject
Project("{FAE04EC0-301F-11D3-BF4B-00C04F79EFBC}") = "GeekTime.OrderService.Domain", "GeekTime.Order.Domain\GeekTime.OrderService.Domain.csproj", "{1A8EBB71-2BA8-456B-AC0F-ECE1677BC5AF}"
EndProject
Project("{FAE04EC0-301F-11D3-BF4B-00C04F79EFBC}") = "GeekTime.OrderService.Infrastructure", "GeekTime.OrderService.Infrastructure\GeekTime.OrderService.Infrastructure.csproj", "{8818D79B-B049-4030-94B4-F2694EE0289A}"
EndProject
Global
	GlobalSection(SolutionConfigurationPlatforms) = preSolution
		Debug|Any CPU = Debug|Any CPU
		Release|Any CPU = Release|Any CPU
	EndGlobalSection
	GlobalSection(ProjectConfigurationPlatforms) = postSolution
		{5AF72F8B-372A-4866-8CBB-8A640F3611B4}.Debug|Any CPU.ActiveCfg = Debug|Any CPU
		{5AF72F8B-372A-4866-8CBB-8A640F3611B4}.Debug|Any CPU.Build.0 = Debug|Any CPU
		{5AF72F8B-372A-4866-8CBB-8A640F3611B4}.Release|Any CPU.ActiveCfg = Release|Any CPU
		{5AF72F8B-372A-4866-8CBB-8A640F3611B4}.Release|Any CPU.Build.0 = Release|Any CPU
		{28F25B8F-35F0-4C88-9943-1196B8A004BD}.Debug|Any CPU.ActiveCfg = Debug|Any CPU
		{28F25B8F-35F0-4C88-9943-1196B8A004BD}.Debug|Any CPU.Build.0 = Debug|Any CPU
		{28F25B8F-35F0-4C88-9943-1196B8A004BD}.Release|Any CPU.ActiveCfg = Release|Any CPU
		{28F25B8F-35F0-4C88-9943-1196B8A004BD}.Release|Any CPU.Build.0 = Release|Any CPU
		{E7E200A6-9021-4702-92D6-FF00AC0C3394}.Debug|Any CPU.ActiveCfg = Debug|Any CPU
		{E7E200A6-9021-4702-92D6-FF00AC0C3394}.Debug|Any CPU.Build.0 = Debug|Any CPU
		{E7E200A6-9021-4702-92D6-FF00AC0C3394}.Release|Any CPU.ActiveCfg = Release|Any CPU
		{E7E200A6-9021-4702-92D6-FF00AC0C3394}.Release|Any CPU.Build.0 = Release|Any CPU
		{0329A4AA-D771-4BD8-91BD-2A8583A4D091}.Debug|Any CPU.ActiveCfg = Debug|Any CPU
		{0329A4AA-D771-4BD8-91BD-2A8583A4D091}.Debug|Any CPU.Build.0 = Debug|Any CPU
		{0329A4AA-D771-4BD8-91BD-2A8583A4D091}.Release|Any CPU.ActiveCfg = Release|Any CPU
		{0329A4AA-D771-4BD8-91BD-2A8583A4D091}.Release|Any CPU.Build.0 = Release|Any CPU
		{914034CA-4F9C-4056-9FD4-6597A5C1222C}.Debug|Any CPU.ActiveCfg = Debug|Any CPU
		{914034CA-4F9C-4056-9FD4-6597A5C1222C}.Debug|Any CPU.Build.0 = Debug|Any CPU
		{914034CA-4F9C-4056-9FD4-6597A5C1222C}.Release|Any CPU.ActiveCfg = Release|Any CPU
		{914034CA-4F9C-4056-9FD4-6597A5C1222C}.Release|Any CPU.Build.0 = Release|Any CPU
		{F2FC4191-5F5C-4365-B441-E102C3427D71}.Debug|Any CPU.ActiveCfg = Debug|Any CPU
		{F2FC4191-5F5C-4365-B441-E102C3427D71}.Debug|Any CPU.Build.0 = Debug|Any CPU
		{F2FC4191-5F5C-4365-B441-E102C3427D71}.Release|Any CPU.ActiveCfg = Release|Any CPU
		{F2FC4191-5F5C-4365-B441-E102C3427D71}.Release|Any CPU.Build.0 = Release|Any CPU
		{FE9F1EAB-DD51-45D2-899B-BCEB4C2A5FD6}.Debug|Any CPU.ActiveCfg = Debug|Any CPU
		{FE9F1EAB-DD51-45D2-899B-BCEB4C2A5FD6}.Debug|Any CPU.Build.0 = Debug|Any CPU
		{FE9F1EAB-DD51-45D2-899B-BCEB4C2A5FD6}.Release|Any CPU.ActiveCfg = Release|Any CPU
		{FE9F1EAB-DD51-45D2-899B-BCEB4C2A5FD6}.Release|Any CPU.Build.0 = Release|Any CPU
		{1A8EBB71-2BA8-456B-AC0F-ECE1677BC5AF}.Debug|Any CPU.ActiveCfg = Debug|Any CPU
		{1A8EBB71-2BA8-456B-AC0F-ECE1677BC5AF}.Debug|Any CPU.Build.0 = Debug|Any CPU
		{1A8EBB71-2BA8-456B-AC0F-ECE1677BC5AF}.Release|Any CPU.ActiveCfg = Release|Any CPU
		{1A8EBB71-2BA8-456B-AC0F-ECE1677BC5AF}.Release|Any CPU.Build.0 = Release|Any CPU
		{8818D79B-B049-4030-94B4-F2694EE0289A}.Debug|Any CPU.ActiveCfg = Debug|Any CPU
		{8818D79B-B049-4030-94B4-F2694EE0289A}.Debug|Any CPU.Build.0 = Debug|Any CPU
		{8818D79B-B049-4030-94B4-F2694EE0289A}.Release|Any CPU.ActiveCfg = Release|Any CPU
		{8818D79B-B049-4030-94B4-F2694EE0289A}.Release|Any CPU.Build.0 = Release|Any CPU
	EndGlobalSection
	GlobalSection(SolutionProperties) = preSolution
		HideSolutionNode = FALSE
	EndGlobalSection
	GlobalSection(NestedProjects) = preSolution
		{5AF72F8B-372A-4866-8CBB-8A640F3611B4} = {CF3C88FF-7FB9-46AD-A020-9DF401F63EEC}
		{28F25B8F-35F0-4C88-9943-1196B8A004BD} = {CF3C88FF-7FB9-46AD-A020-9DF401F63EEC}
		{E7E200A6-9021-4702-92D6-FF00AC0C3394} = {CF3C88FF-7FB9-46AD-A020-9DF401F63EEC}
		{0329A4AA-D771-4BD8-91BD-2A8583A4D091} = {CF3C88FF-7FB9-46AD-A020-9DF401F63EEC}
		{914034CA-4F9C-4056-9FD4-6597A5C1222C} = {1AE60D11-C660-449C-AA1A-8BE98E1528E6}
		{F2FC4191-5F5C-4365-B441-E102C3427D71} = {1AE60D11-C660-449C-AA1A-8BE98E1528E6}
		{DACB885B-8F35-466E-B63D-A0CCD564821F} = {B913918B-03A8-475F-9D26-6CFBF372F808}
		{FE9F1EAB-DD51-45D2-899B-BCEB4C2A5FD6} = {DACB885B-8F35-466E-B63D-A0CCD564821F}
		{1A8EBB71-2BA8-456B-AC0F-ECE1677BC5AF} = {DACB885B-8F35-466E-B63D-A0CCD564821F}
		{8818D79B-B049-4030-94B4-F2694EE0289A} = {DACB885B-8F35-466E-B63D-A0CCD564821F}
	EndGlobalSection
	GlobalSection(ExtensibilityGlobals) = postSolution
		SolutionGuid = {46AAEA5C-FD32-4232-A03B-033D1F5F4728}
	EndGlobalSection
EndGlobal
